
Microsoft Visual Studio Solution File, Format Version 12.00
# Visual Studio Version 16
VisualStudioVersion = 16.0.29911.84
MinimumVisualStudioVersion = 10.0.40219.1
Project("{FAE04EC0-301F-11D3-BF4B-00C04F79EFBC}") = "ReviewAspNet", "ReviewAspNet\ReviewAspNet.csproj", "{8BDED172-8F4F-45DE-8F76-5634A9B65EFD}"
EndProject
Project("{FAE04EC0-301F-11D3-BF4B-00C04F79EFBC}") = "AsyncTaskApp", "AsyncTaskApp\AsyncTaskApp.csproj", "{10035F11-64A8-472F-B3C1-89DDDBAF662C}"
EndProject
Project("{FAE04EC0-301F-11D3-BF4B-00C04F79EFBC}") = "ArrayMvcApp", "ArrayMvcApp\ArrayMvcApp.csproj", "{D3D28FE0-B07D-42BD-A218-D7E938DC9EC1}"
EndProject
Project("{FAE04EC0-301F-11D3-BF4B-00C04F79EFBC}") = "MigrationDBApp", "MigrationDBApp\MigrationDBApp.csproj", "{C9CFE2FF-34C7-43B4-961B-00C0C8931CA3}"
EndProject
Project("{FAE04EC0-301F-11D3-BF4B-00C04F79EFBC}") = "PakingApp", "PakingApp\PakingApp.csproj", "{4F45084A-AFE3-4285-8D0E-E32683100EBB}"
EndProject
Project("{FAE04EC0-301F-11D3-BF4B-00C04F79EFBC}") = "FilterApp", "FilterApp\FilterApp.csproj", "{DE849250-B9C5-46C4-8CAE-B93A74436603}"
EndProject
Project("{FAE04EC0-301F-11D3-BF4B-00C04F79EFBC}") = "CustomTemplateApp", "CustomTemplateApp\CustomTemplateApp.csproj", "{A4ED0237-FEDA-4E0C-8F65-FE86BB3042C1}"
EndProject
Project("{FAE04EC0-301F-11D3-BF4B-00C04F79EFBC}") = "RoutesApp", "RoutesApp\RoutesApp.csproj", "{882211E2-2F8F-46F4-AAD7-0EC9032CB02E}"
EndProject
Project("{FAE04EC0-301F-11D3-BF4B-00C04F79EFBC}") = "AreaTestApp", "AreaTestApp\AreaTestApp.csproj", "{7DB12C2A-A161-47E0-B9A6-6140BC7BBFC5}"
EndProject
Global
	GlobalSection(SolutionConfigurationPlatforms) = preSolution
		Debug|Any CPU = Debug|Any CPU
		Release|Any CPU = Release|Any CPU
	EndGlobalSection
	GlobalSection(ProjectConfigurationPlatforms) = postSolution
		{8BDED172-8F4F-45DE-8F76-5634A9B65EFD}.Debug|Any CPU.ActiveCfg = Debug|Any CPU
		{8BDED172-8F4F-45DE-8F76-5634A9B65EFD}.Debug|Any CPU.Build.0 = Debug|Any CPU
		{8BDED172-8F4F-45DE-8F76-5634A9B65EFD}.Release|Any CPU.ActiveCfg = Release|Any CPU
		{8BDED172-8F4F-45DE-8F76-5634A9B65EFD}.Release|Any CPU.Build.0 = Release|Any CPU
		{10035F11-64A8-472F-B3C1-89DDDBAF662C}.Debug|Any CPU.ActiveCfg = Debug|Any CPU
		{10035F11-64A8-472F-B3C1-89DDDBAF662C}.Debug|Any CPU.Build.0 = Debug|Any CPU
		{10035F11-64A8-472F-B3C1-89DDDBAF662C}.Release|Any CPU.ActiveCfg = Release|Any CPU
		{10035F11-64A8-472F-B3C1-89DDDBAF662C}.Release|Any CPU.Build.0 = Release|Any CPU
		{D3D28FE0-B07D-42BD-A218-D7E938DC9EC1}.Debug|Any CPU.ActiveCfg = Debug|Any CPU
		{D3D28FE0-B07D-42BD-A218-D7E938DC9EC1}.Debug|Any CPU.Build.0 = Debug|Any CPU
		{D3D28FE0-B07D-42BD-A218-D7E938DC9EC1}.Release|Any CPU.ActiveCfg = Release|Any CPU
		{D3D28FE0-B07D-42BD-A218-D7E938DC9EC1}.Release|Any CPU.Build.0 = Release|Any CPU
		{C9CFE2FF-34C7-43B4-961B-00C0C8931CA3}.Debug|Any CPU.ActiveCfg = Debug|Any CPU
		{C9CFE2FF-34C7-43B4-961B-00C0C8931CA3}.Debug|Any CPU.Build.0 = Debug|Any CPU
		{C9CFE2FF-34C7-43B4-961B-00C0C8931CA3}.Release|Any CPU.ActiveCfg = Release|Any CPU
		{C9CFE2FF-34C7-43B4-961B-00C0C8931CA3}.Release|Any CPU.Build.0 = Release|Any CPU
		{4F45084A-AFE3-4285-8D0E-E32683100EBB}.Debug|Any CPU.ActiveCfg = Debug|Any CPU
		{4F45084A-AFE3-4285-8D0E-E32683100EBB}.Debug|Any CPU.Build.0 = Debug|Any CPU
		{4F45084A-AFE3-4285-8D0E-E32683100EBB}.Release|Any CPU.ActiveCfg = Release|Any CPU
		{4F45084A-AFE3-4285-8D0E-E32683100EBB}.Release|Any CPU.Build.0 = Release|Any CPU
		{DE849250-B9C5-46C4-8CAE-B93A74436603}.Debug|Any CPU.ActiveCfg = Debug|Any CPU
		{DE849250-B9C5-46C4-8CAE-B93A74436603}.Debug|Any CPU.Build.0 = Debug|Any CPU
		{DE849250-B9C5-46C4-8CAE-B93A74436603}.Release|Any CPU.ActiveCfg = Release|Any CPU
		{DE849250-B9C5-46C4-8CAE-B93A74436603}.Release|Any CPU.Build.0 = Release|Any CPU
		{A4ED0237-FEDA-4E0C-8F65-FE86BB3042C1}.Debug|Any CPU.ActiveCfg = Debug|Any CPU
		{A4ED0237-FEDA-4E0C-8F65-FE86BB3042C1}.Debug|Any CPU.Build.0 = Debug|Any CPU
		{A4ED0237-FEDA-4E0C-8F65-FE86BB3042C1}.Release|Any CPU.ActiveCfg = Release|Any CPU
		{A4ED0237-FEDA-4E0C-8F65-FE86BB3042C1}.Release|Any CPU.Build.0 = Release|Any CPU
		{882211E2-2F8F-46F4-AAD7-0EC9032CB02E}.Debug|Any CPU.ActiveCfg = Debug|Any CPU
		{882211E2-2F8F-46F4-AAD7-0EC9032CB02E}.Debug|Any CPU.Build.0 = Debug|Any CPU
		{882211E2-2F8F-46F4-AAD7-0EC9032CB02E}.Release|Any CPU.ActiveCfg = Release|Any CPU
		{882211E2-2F8F-46F4-AAD7-0EC9032CB02E}.Release|Any CPU.Build.0 = Release|Any CPU
		{7DB12C2A-A161-47E0-B9A6-6140BC7BBFC5}.Debug|Any CPU.ActiveCfg = Debug|Any CPU
		{7DB12C2A-A161-47E0-B9A6-6140BC7BBFC5}.Debug|Any CPU.Build.0 = Debug|Any CPU
		{7DB12C2A-A161-47E0-B9A6-6140BC7BBFC5}.Release|Any CPU.ActiveCfg = Release|Any CPU
		{7DB12C2A-A161-47E0-B9A6-6140BC7BBFC5}.Release|Any CPU.Build.0 = Release|Any CPU
	EndGlobalSection
	GlobalSection(SolutionProperties) = preSolution
		HideSolutionNode = FALSE
	EndGlobalSection
	GlobalSection(ExtensibilityGlobals) = postSolution
		SolutionGuid = {81FEE325-B3A1-4371-AECA-B8CB85D25124}
	EndGlobalSection
EndGlobal
